
Microsoft Visual Studio Solution File, Format Version 12.00
# Visual Studio Version 17
VisualStudioVersion = 17.8.34511.84
MinimumVisualStudioVersion = 10.0.40219.1
Project("{FAE04EC0-301F-11D3-BF4B-00C04F79EFBC}") = "EncryptionApp", "EncryptionApp.csproj", "{76158763-2993-4F92-8ABB-7FB0877F458C}"
EndProject
Global
	GlobalSection(SolutionConfigurationPlatforms) = preSolution
		Debug|Any CPU = Debug|Any CPU
		Release|Any CPU = Release|Any CPU
	EndGlobalSection
	GlobalSection(ProjectConfigurationPlatforms) = postSolution
		{76158763-2993-4F92-8ABB-7FB0877F458C}.Debug|Any CPU.ActiveCfg = Debug|Any CPU
		{76158763-2993-4F92-8ABB-7FB0877F458C}.Debug|Any CPU.Build.0 = Debug|Any CPU
		{76158763-2993-4F92-8ABB-7FB0877F458C}.Debug|Any CPU.Deploy.0 = Debug|Any CPU
		{76158763-2993-4F92-8ABB-7FB0877F458C}.Release|Any CPU.ActiveCfg = Release|Any CPU
		{76158763-2993-4F92-8ABB-7FB0877F458C}.Release|Any CPU.Build.0 = Release|Any CPU
		{76158763-2993-4F92-8ABB-7FB0877F458C}.Release|Any CPU.Deploy.0 = Release|Any CPU
	EndGlobalSection
	GlobalSection(SolutionProperties) = preSolution
		HideSolutionNode = FALSE
	EndGlobalSection
	GlobalSection(ExtensibilityGlobals) = postSolution
		SolutionGuid = {E2BF2B2C-2DB1-44DE-8484-B1CB6EAC72CD}
	EndGlobalSection
EndGlobal
